
Microsoft Visual Studio Solution File, Format Version 12.00
# Visual Studio Version 16
VisualStudioVersion = 16.0.809.0
MinimumVisualStudioVersion = 10.0.40219.1
Project("{8BC9CEB9-8B4A-11D0-8D11-00A0C91BC942}") = "Server", "Server.exe", "{37B79E07-C7F3-4A24-81DF-87E9A4412A29}"
EndProject
Global
	GlobalSection(SolutionConfigurationPlatforms) = preSolution
		Default|Any CPU = Default|Any CPU
	EndGlobalSection
	GlobalSection(ProjectConfigurationPlatforms) = postSolution
		{37B79E07-C7F3-4A24-81DF-87E9A4412A29}.Default|Any CPU.ActiveCfg = Default|Any CPU
		{37B79E07-C7F3-4A24-81DF-87E9A4412A29}.Default|Any CPU.Build.0 = Default|Any CPU
	EndGlobalSection
	GlobalSection(SolutionProperties) = preSolution
		HideSolutionNode = FALSE
	EndGlobalSection
	GlobalSection(ExtensibilityGlobals) = postSolution
		SolutionGuid = {E151FF04-719F-4FD8-98C3-6EBBD3DA8B1E}
	EndGlobalSection
EndGlobal
